lockVersion: 2.0.0
id: 91769426-9ad5-468f-96ea-d1082ebc475b
management:
  docChecksum: db7bd8f69518c551928aef7eb16008e2
  docVersion: 0.0.1
  speakeasyVersion: internal
  generationVersion: 2.225.2
  releaseVersion: 0.52.0
  configChecksum: 30b1ceded5ab1a88923f634d8eee7603
  repoURL: https://github.com/speakeasy-sdks/tigris-php-sdk.git
  repoSubDirectory: .
  installationURL: https://github.com/speakeasy-sdks/tigris-php-sdk
features:
  php:
    core: 3.3.0
    examples: 2.81.3
    globalSecurity: 2.81.2
    globalServerURLs: 2.82.1
    nameOverrides: 2.81.1
generatedFiles:
  - src/SDKConfiguration.php
  - src/Auth.php
  - src/System.php
  - src/NamespaceT.php
  - src/User.php
  - src/Project.php
  - src/AppKey.php
  - src/Cache.php
  - src/Database.php
  - src/Collection.php
  - src/Channel.php
  - src/Search.php
  - src/SDK.php
  - src/SDKBuilder.php
  - composer.json
  - phpstan.neon
  - src/Utils/EnumHandler.php
  - src/Utils/FormMetadata.php
  - src/Utils/Headers.php
  - src/Utils/JSON.php
  - src/Utils/MixedJSONHandler.php
  - src/Utils/MultipartMetadata.php
  - src/Utils/ParamsMetadata.php
  - src/Utils/PathParameters.php
  - src/Utils/QueryParameters.php
  - src/Utils/RequestBodies.php
  - src/Utils/RequestMetadata.php
  - src/Utils/Security.php
  - src/Utils/SecurityClient.php
  - src/Utils/SecurityMetadata.php
  - src/Utils/SpeakeasyMetadata.php
  - src/Utils/Utils.php
  - src/Models/Operations/AuthGetAccessTokenResponse.php
  - src/Models/Operations/HealthAPIHealthResponse.php
  - src/Models/Operations/ObservabilityGetInfoResponse.php
  - src/Models/Operations/ObservabilityQuotaUsageResponse.php
  - src/Models/Operations/ObservabilityQuotaLimitsResponse.php
  - src/Models/Operations/ObservabilityQueryTimeSeriesMetricsResponse.php
  - src/Models/Operations/CreateNamespaceResponse.php
  - src/Models/Operations/ManagementDescribeNamespacesResponse.php
  - src/Models/Operations/ManagementGetNamespaceMetadataRequest.php
  - src/Models/Operations/ManagementGetNamespaceMetadataResponse.php
  - src/Models/Operations/ManagementInsertNamespaceMetadataRequest.php
  - src/Models/Operations/ManagementInsertNamespaceMetadataResponse.php
  - src/Models/Operations/ManagementListNamespacesResponse.php
  - src/Models/Operations/ManagementUpdateNamespaceMetadataRequest.php
  - src/Models/Operations/ManagementUpdateNamespaceMetadataResponse.php
  - src/Models/Operations/ManagementGetUserMetadataRequest.php
  - src/Models/Operations/ManagementGetUserMetadataResponse.php
  - src/Models/Operations/ManagementInsertUserMetadataRequest.php
  - src/Models/Operations/ManagementInsertUserMetadataResponse.php
  - src/Models/Operations/ManagementUpdateUserMetadataRequest.php
  - src/Models/Operations/ManagementUpdateUserMetadataResponse.php
  - src/Models/Operations/TigrisCreateProjectRequest.php
  - src/Models/Operations/TigrisCreateProjectResponse.php
  - src/Models/Operations/TigrisDeleteProjectRequest.php
  - src/Models/Operations/TigrisDeleteProjectResponse.php
  - src/Models/Operations/TigrisListProjectsResponse.php
  - src/Models/Operations/TigrisDeleteAppKeyRequest.php
  - src/Models/Operations/TigrisDeleteAppKeyResponse.php
  - src/Models/Operations/TigrisListAppKeysRequest.php
  - src/Models/Operations/TigrisListAppKeysResponse.php
  - src/Models/Operations/TigrisRotateAppKeySecretRequest.php
  - src/Models/Operations/TigrisRotateAppKeySecretResponse.php
  - src/Models/Operations/TigrisCreateAppKeyRequest.php
  - src/Models/Operations/TigrisCreateAppKeyResponse.php
  - src/Models/Operations/TigrisUpdateAppKeyRequest.php
  - src/Models/Operations/TigrisUpdateAppKeyResponse.php
  - src/Models/Operations/CacheCreateCacheRequest.php
  - src/Models/Operations/CacheCreateCacheResponse.php
  - src/Models/Operations/CacheDeleteCacheRequest.php
  - src/Models/Operations/CacheDeleteCacheResponse.php
  - src/Models/Operations/CacheDelRequest.php
  - src/Models/Operations/CacheDelResponse.php
  - src/Models/Operations/CacheGetRequest.php
  - src/Models/Operations/CacheGetResponse.php
  - src/Models/Operations/CacheGetSetRequest.php
  - src/Models/Operations/CacheGetSetResponse.php
  - src/Models/Operations/CacheListCachesRequest.php
  - src/Models/Operations/CacheListCachesResponse.php
  - src/Models/Operations/CacheKeysRequest.php
  - src/Models/Operations/CacheKeysResponse.php
  - src/Models/Operations/CacheSetRequest.php
  - src/Models/Operations/CacheSetResponse.php
  - src/Models/Operations/TigrisBeginTransactionRequest.php
  - src/Models/Operations/TigrisBeginTransactionResponse.php
  - src/Models/Operations/TigrisCommitTransactionRequest.php
  - src/Models/Operations/TigrisCommitTransactionResponse.php
  - src/Models/Operations/TigrisCreateBranchRequest.php
  - src/Models/Operations/TigrisCreateBranchResponse.php
  - src/Models/Operations/TigrisDeleteBranchRequest.php
  - src/Models/Operations/TigrisDeleteBranchResponse.php
  - src/Models/Operations/TigrisDescribeDatabaseRequest.php
  - src/Models/Operations/TigrisDescribeDatabaseResponse.php
  - src/Models/Operations/TigrisListCollectionsRequest.php
  - src/Models/Operations/TigrisListCollectionsResponse.php
  - src/Models/Operations/TigrisRollbackTransactionRequest.php
  - src/Models/Operations/TigrisRollbackTransactionResponse.php
  - src/Models/Operations/TigrisListBranchesRequest.php
  - src/Models/Operations/TigrisListBranchesResponse.php
  - src/Models/Operations/TigrisCreateOrUpdateCollectionRequest.php
  - src/Models/Operations/TigrisCreateOrUpdateCollectionResponse.php
  - src/Models/Operations/TigrisDeleteRequest.php
  - src/Models/Operations/TigrisDeleteResponse.php
  - src/Models/Operations/TigrisDescribeCollectionRequest.php
  - src/Models/Operations/TigrisDescribeCollectionResponse.php
  - src/Models/Operations/TigrisDropCollectionRequest.php
  - src/Models/Operations/TigrisDropCollectionResponse.php
  - src/Models/Operations/TigrisImportRequest.php
  - src/Models/Operations/TigrisImportResponse.php
  - src/Models/Operations/TigrisInsertRequest.php
  - src/Models/Operations/TigrisInsertResponse.php
  - src/Models/Operations/TigrisReadRequest.php
  - src/Models/Operations/TigrisReadResponse.php
  - src/Models/Operations/TigrisReplaceRequest.php
  - src/Models/Operations/TigrisReplaceResponse.php
  - src/Models/Operations/TigrisSearchRequest.php
  - src/Models/Operations/TigrisSearchResponse.php
  - src/Models/Operations/TigrisUpdateRequest.php
  - src/Models/Operations/TigrisUpdateResponse.php
  - src/Models/Operations/RealtimeGetRTChannelRequest.php
  - src/Models/Operations/RealtimeGetRTChannelResponse.php
  - src/Models/Operations/RealtimeReadMessagesRequest.php
  - src/Models/Operations/RealtimeReadMessagesResponse.php
  - src/Models/Operations/RealtimeGetRTChannelsRequest.php
  - src/Models/Operations/RealtimeGetRTChannelsResponse.php
  - src/Models/Operations/RealtimeListSubscriptionsRequest.php
  - src/Models/Operations/RealtimeListSubscriptionsResponse.php
  - src/Models/Operations/RealtimeMessagesRequest.php
  - src/Models/Operations/RealtimeMessagesResponse.php
  - src/Models/Operations/RealtimePresenceRequest.php
  - src/Models/Operations/RealtimePresenceResponse.php
  - src/Models/Operations/SearchCreateByIdRequest.php
  - src/Models/Operations/SearchCreateByIdResponse.php
  - src/Models/Operations/SearchCreateRequest.php
  - src/Models/Operations/SearchCreateResponse.php
  - src/Models/Operations/SearchDeleteRequest.php
  - src/Models/Operations/SearchDeleteResponse.php
  - src/Models/Operations/SearchDeleteIndexRequest.php
  - src/Models/Operations/SearchDeleteIndexResponse.php
  - src/Models/Operations/SearchSearchRequest.php
  - src/Models/Operations/SearchSearchResponse.php
  - src/Models/Operations/SearchGetRequest.php
  - src/Models/Operations/SearchGetResponse.php
  - src/Models/Operations/SearchGetIndexRequest.php
  - src/Models/Operations/SearchGetIndexResponse.php
  - src/Models/Operations/SearchListIndexesRequest.php
  - src/Models/Operations/SearchListIndexesResponse.php
  - src/Models/Operations/SearchDeleteByQueryRequest.php
  - src/Models/Operations/SearchDeleteByQueryResponse.php
  - src/Models/Operations/SearchCreateOrReplaceRequest.php
  - src/Models/Operations/SearchCreateOrReplaceResponse.php
  - src/Models/Operations/SearchUpdateRequest.php
  - src/Models/Operations/SearchUpdateResponse.php
  - src/Models/Operations/SearchCreateOrUpdateIndexRequest.php
  - src/Models/Operations/SearchCreateOrUpdateIndexResponse.php
  - src/Models/Shared/Status.php
  - src/Models/Shared/Code.php
  - src/Models/Shared/Error.php
  - src/Models/Shared/GetAccessTokenResponse.php
  - src/Models/Shared/HealthCheckResponse.php
  - src/Models/Shared/GetInfoResponse.php
  - src/Models/Shared/QuotaUsageResponse.php
  - src/Models/Shared/QuotaUsageRequest.php
  - src/Models/Shared/QuotaLimitsResponse.php
  - src/Models/Shared/QuotaLimitsRequest.php
  - src/Models/Shared/QueryTimeSeriesMetricsResponse.php
  - src/Models/Shared/MetricSeries.php
  - src/Models/Shared/DataPoint.php
  - src/Models/Shared/FunctionT.php
  - src/Models/Shared/SpaceAggregation.php
  - src/Models/Shared/TigrisOperation.php
  - src/Models/Shared/QueryTimeSeriesMetricsRequest.php
  - src/Models/Shared/AdditionalFunction.php
  - src/Models/Shared/Aggregator.php
  - src/Models/Shared/RollupFunction.php
  - src/Models/Shared/CreateNamespaceResponse.php
  - src/Models/Shared/NamespaceInfo.php
  - src/Models/Shared/CreateNamespaceRequest.php
  - src/Models/Shared/DescribeNamespacesResponse.php
  - src/Models/Shared/DescribeNamespacesData.php
  - src/Models/Shared/GetNamespaceMetadataResponseValue.php
  - src/Models/Shared/GetNamespaceMetadataResponse.php
  - src/Models/Shared/Value.php
  - src/Models/Shared/GetNamespaceMetadataRequest.php
  - src/Models/Shared/InsertNamespaceMetadataResponseValue.php
  - src/Models/Shared/InsertNamespaceMetadataResponse.php
  - src/Models/Shared/InsertNamespaceMetadataRequestValue.php
  - src/Models/Shared/InsertNamespaceMetadataRequest.php
  - src/Models/Shared/ListNamespacesResponse.php
  - src/Models/Shared/UpdateNamespaceMetadataResponseValue.php
  - src/Models/Shared/UpdateNamespaceMetadataResponse.php
  - src/Models/Shared/UpdateNamespaceMetadataRequestValue.php
  - src/Models/Shared/UpdateNamespaceMetadataRequest.php
  - src/Models/Shared/GetUserMetadataResponse.php
  - src/Models/Shared/GetUserMetadataRequestValue.php
  - src/Models/Shared/GetUserMetadataRequest.php
  - src/Models/Shared/InsertUserMetadataResponseValue.php
  - src/Models/Shared/InsertUserMetadataResponse.php
  - src/Models/Shared/InsertUserMetadataRequestValue.php
  - src/Models/Shared/InsertUserMetadataRequest.php
  - src/Models/Shared/UpdateUserMetadataResponseValue.php
  - src/Models/Shared/UpdateUserMetadataResponse.php
  - src/Models/Shared/UpdateUserMetadataRequestValue.php
  - src/Models/Shared/UpdateUserMetadataRequest.php
  - src/Models/Shared/CreateProjectResponse.php
  - src/Models/Shared/CreateProjectRequest.php
  - src/Models/Shared/DeleteProjectResponse.php
  - src/Models/Shared/DeleteProjectRequest.php
  - src/Models/Shared/ListProjectsResponse.php
  - src/Models/Shared/ProjectInfo.php
  - src/Models/Shared/ProjectMetadata.php
  - src/Models/Shared/DeleteAppKeyResponse.php
  - src/Models/Shared/DeleteAppKeyRequest.php
  - src/Models/Shared/ListAppKeysResponse.php
  - src/Models/Shared/AppKey.php
  - src/Models/Shared/RotateAppKeyResponse.php
  - src/Models/Shared/RotateAppKeyRequest.php
  - src/Models/Shared/CreateAppKeyResponse.php
  - src/Models/Shared/CreateAppKeyRequest.php
  - src/Models/Shared/UpdateAppKeyResponse.php
  - src/Models/Shared/UpdateAppKeyRequest.php
  - src/Models/Shared/CreateCacheResponse.php
  - src/Models/Shared/CreateCacheRequest.php
  - src/Models/Shared/CreateCacheOptions.php
  - src/Models/Shared/DeleteCacheResponse.php
  - src/Models/Shared/DeleteCacheRequest.php
  - src/Models/Shared/DelResponse.php
  - src/Models/Shared/DelRequest.php
  - src/Models/Shared/GetResponse.php
  - src/Models/Shared/GetSetResponse.php
  - src/Models/Shared/GetSetRequest.php
  - src/Models/Shared/ListCachesResponse.php
  - src/Models/Shared/CacheMetadata.php
  - src/Models/Shared/KeysResponse.php
  - src/Models/Shared/SetResponse.php
  - src/Models/Shared/SetRequest.php
  - src/Models/Shared/BeginTransactionResponse.php
  - src/Models/Shared/TransactionCtx.php
  - src/Models/Shared/BeginTransactionRequest.php
  - src/Models/Shared/TransactionOptions.php
  - src/Models/Shared/CommitTransactionResponse.php
  - src/Models/Shared/CommitTransactionRequest.php
  - src/Models/Shared/CreateBranchResponse.php
  - src/Models/Shared/CreateBranchRequest.php
  - src/Models/Shared/DeleteBranchResponse.php
  - src/Models/Shared/DeleteBranchRequest.php
  - src/Models/Shared/DescribeDatabaseResponse.php
  - src/Models/Shared/DatabaseMetadata.php
  - src/Models/Shared/Schema.php
  - src/Models/Shared/CollectionDescription.php
  - src/Models/Shared/CollectionMetadata.php
  - src/Models/Shared/DescribeDatabaseRequest.php
  - src/Models/Shared/ListCollectionsResponse.php
  - src/Models/Shared/CollectionInfo.php
  - src/Models/Shared/RollbackTransactionResponse.php
  - src/Models/Shared/RollbackTransactionRequest.php
  - src/Models/Shared/ListBranchesResponse.php
  - src/Models/Shared/BranchInfo.php
  - src/Models/Shared/BranchMetadata.php
  - src/Models/Shared/CreateOrUpdateCollectionResponse.php
  - src/Models/Shared/CreateOrUpdateCollectionRequestSchema.php
  - src/Models/Shared/CreateOrUpdateCollectionRequest.php
  - src/Models/Shared/CollectionOptions.php
  - src/Models/Shared/DeleteResponse.php
  - src/Models/Shared/ResponseMetadata.php
  - src/Models/Shared/Filter.php
  - src/Models/Shared/DeleteRequest.php
  - src/Models/Shared/DeleteRequestOptions.php
  - src/Models/Shared/WriteOptions.php
  - src/Models/Shared/Collation.php
  - src/Models/Shared/DescribeCollectionResponseSchema.php
  - src/Models/Shared/DescribeCollectionResponse.php
  - src/Models/Shared/DescribeCollectionRequest.php
  - src/Models/Shared/DropCollectionResponse.php
  - src/Models/Shared/DropCollectionRequest.php
  - src/Models/Shared/ImportResponse.php
  - src/Models/Shared/Documents.php
  - src/Models/Shared/ImportRequest.php
  - src/Models/Shared/ImportRequestOptions.php
  - src/Models/Shared/InsertResponse.php
  - src/Models/Shared/InsertRequestDocuments.php
  - src/Models/Shared/InsertRequest.php
  - src/Models/Shared/InsertRequestOptions.php
  - src/Models/Shared/StreamingReadResponse.php
  - src/Models/Shared/Data.php
  - src/Models/Shared/ReadResponse.php
  - src/Models/Shared/Fields.php
  - src/Models/Shared/ReadRequestFilter.php
  - src/Models/Shared/ReadRequest.php
  - src/Models/Shared/ReadRequestOptions.php
  - src/Models/Shared/ReplaceResponse.php
  - src/Models/Shared/ReplaceRequestDocuments.php
  - src/Models/Shared/ReplaceRequest.php
  - src/Models/Shared/ReplaceRequestOptions.php
  - src/Models/Shared/StreamingSearchResponse.php
  - src/Models/Shared/SearchResponse.php
  - src/Models/Shared/SearchMetadata.php
  - src/Models/Shared/Page.php
  - src/Models/Shared/SearchHitData.php
  - src/Models/Shared/SearchHit.php
  - src/Models/Shared/SearchHitMeta.php
  - src/Models/Shared/SearchFacet.php
  - src/Models/Shared/FacetStats.php
  - src/Models/Shared/FacetCount.php
  - src/Models/Shared/Facet.php
  - src/Models/Shared/SearchRequestFields.php
  - src/Models/Shared/SearchRequestFilter.php
  - src/Models/Shared/Sort.php
  - src/Models/Shared/SearchRequest.php
  - src/Models/Shared/UpdateResponse.php
  - src/Models/Shared/UpdateRequestFields.php
  - src/Models/Shared/UpdateRequestFilter.php
  - src/Models/Shared/UpdateRequest.php
  - src/Models/Shared/UpdateRequestOptions.php
  - src/Models/Shared/GetRTChannelResponse.php
  - src/Models/Shared/ReadMessagesResponse.php
  - src/Models/Shared/Message.php
  - src/Models/Shared/GetRTChannelsResponse.php
  - src/Models/Shared/ChannelMetadata.php
  - src/Models/Shared/ListSubscriptionResponse.php
  - src/Models/Shared/MessagesResponse.php
  - src/Models/Shared/MessagesRequest.php
  - src/Models/Shared/PresenceResponse.php
  - src/Models/Shared/CreateByIdResponse.php
  - src/Models/Shared/CreateByIdRequest.php
  - src/Models/Shared/CreateDocumentResponse.php
  - src/Models/Shared/DocStatus.php
  - src/Models/Shared/CreateDocumentRequest.php
  - src/Models/Shared/DeleteDocumentResponse.php
  - src/Models/Shared/DeleteDocumentRequest.php
  - src/Models/Shared/DeleteIndexResponse.php
  - src/Models/Shared/DeleteIndexRequest.php
  - src/Models/Shared/SearchIndexResponse.php
  - src/Models/Shared/IndexDoc.php
  - src/Models/Shared/DocMeta.php
  - src/Models/Shared/SearchIndexRequest.php
  - src/Models/Shared/GetDocumentResponse.php
  - src/Models/Shared/GetIndexResponse.php
  - src/Models/Shared/IndexInfo.php
  - src/Models/Shared/ListIndexesResponse.php
  - src/Models/Shared/DeleteByQueryResponse.php
  - src/Models/Shared/DeleteByQueryRequest.php
  - src/Models/Shared/CreateOrReplaceDocumentResponse.php
  - src/Models/Shared/CreateOrReplaceDocumentRequest.php
  - src/Models/Shared/UpdateDocumentResponse.php
  - src/Models/Shared/UpdateDocumentRequest.php
  - src/Models/Shared/CreateOrUpdateIndexResponse.php
  - src/Models/Shared/CreateOrUpdateIndexRequest.php
  - src/Models/Shared/Security.php
  - docs/Models/Operations/AuthGetAccessTokenResponse.md
  - docs/Models/Operations/HealthAPIHealthResponse.md
  - docs/Models/Operations/ObservabilityGetInfoResponse.md
  - docs/Models/Operations/ObservabilityQuotaUsageResponse.md
  - docs/Models/Operations/ObservabilityQuotaLimitsResponse.md
  - docs/Models/Operations/ObservabilityQueryTimeSeriesMetricsResponse.md
  - docs/Models/Operations/CreateNamespaceResponse.md
  - docs/Models/Operations/ManagementDescribeNamespacesResponse.md
  - docs/Models/Operations/ManagementGetNamespaceMetadataRequest.md
  - docs/Models/Operations/ManagementGetNamespaceMetadataResponse.md
  - docs/Models/Operations/ManagementInsertNamespaceMetadataRequest.md
  - docs/Models/Operations/ManagementInsertNamespaceMetadataResponse.md
  - docs/Models/Operations/ManagementListNamespacesResponse.md
  - docs/Models/Operations/ManagementUpdateNamespaceMetadataRequest.md
  - docs/Models/Operations/ManagementUpdateNamespaceMetadataResponse.md
  - docs/Models/Operations/ManagementGetUserMetadataRequest.md
  - docs/Models/Operations/ManagementGetUserMetadataResponse.md
  - docs/Models/Operations/ManagementInsertUserMetadataRequest.md
  - docs/Models/Operations/ManagementInsertUserMetadataResponse.md
  - docs/Models/Operations/ManagementUpdateUserMetadataRequest.md
  - docs/Models/Operations/ManagementUpdateUserMetadataResponse.md
  - docs/Models/Operations/TigrisCreateProjectRequest.md
  - docs/Models/Operations/TigrisCreateProjectResponse.md
  - docs/Models/Operations/TigrisDeleteProjectRequest.md
  - docs/Models/Operations/TigrisDeleteProjectResponse.md
  - docs/Models/Operations/TigrisListProjectsResponse.md
  - docs/Models/Operations/TigrisDeleteAppKeyRequest.md
  - docs/Models/Operations/TigrisDeleteAppKeyResponse.md
  - docs/Models/Operations/TigrisListAppKeysRequest.md
  - docs/Models/Operations/TigrisListAppKeysResponse.md
  - docs/Models/Operations/TigrisRotateAppKeySecretRequest.md
  - docs/Models/Operations/TigrisRotateAppKeySecretResponse.md
  - docs/Models/Operations/TigrisCreateAppKeyRequest.md
  - docs/Models/Operations/TigrisCreateAppKeyResponse.md
  - docs/Models/Operations/TigrisUpdateAppKeyRequest.md
  - docs/Models/Operations/TigrisUpdateAppKeyResponse.md
  - docs/Models/Operations/CacheCreateCacheRequest.md
  - docs/Models/Operations/CacheCreateCacheResponse.md
  - docs/Models/Operations/CacheDeleteCacheRequest.md
  - docs/Models/Operations/CacheDeleteCacheResponse.md
  - docs/Models/Operations/CacheDelRequest.md
  - docs/Models/Operations/CacheDelResponse.md
  - docs/Models/Operations/CacheGetRequest.md
  - docs/Models/Operations/CacheGetResponse.md
  - docs/Models/Operations/CacheGetSetRequest.md
  - docs/Models/Operations/CacheGetSetResponse.md
  - docs/Models/Operations/CacheListCachesRequest.md
  - docs/Models/Operations/CacheListCachesResponse.md
  - docs/Models/Operations/CacheKeysRequest.md
  - docs/Models/Operations/CacheKeysResponse.md
  - docs/Models/Operations/CacheSetRequest.md
  - docs/Models/Operations/CacheSetResponse.md
  - docs/Models/Operations/TigrisBeginTransactionRequest.md
  - docs/Models/Operations/TigrisBeginTransactionResponse.md
  - docs/Models/Operations/TigrisCommitTransactionRequest.md
  - docs/Models/Operations/TigrisCommitTransactionResponse.md
  - docs/Models/Operations/TigrisCreateBranchRequest.md
  - docs/Models/Operations/TigrisCreateBranchResponse.md
  - docs/Models/Operations/TigrisDeleteBranchRequest.md
  - docs/Models/Operations/TigrisDeleteBranchResponse.md
  - docs/Models/Operations/TigrisDescribeDatabaseRequest.md
  - docs/Models/Operations/TigrisDescribeDatabaseResponse.md
  - docs/Models/Operations/TigrisListCollectionsRequest.md
  - docs/Models/Operations/TigrisListCollectionsResponse.md
  - docs/Models/Operations/TigrisRollbackTransactionRequest.md
  - docs/Models/Operations/TigrisRollbackTransactionResponse.md
  - docs/Models/Operations/TigrisListBranchesRequest.md
  - docs/Models/Operations/TigrisListBranchesResponse.md
  - docs/Models/Operations/TigrisCreateOrUpdateCollectionRequest.md
  - docs/Models/Operations/TigrisCreateOrUpdateCollectionResponse.md
  - docs/Models/Operations/TigrisDeleteRequest.md
  - docs/Models/Operations/TigrisDeleteResponse.md
  - docs/Models/Operations/TigrisDescribeCollectionRequest.md
  - docs/Models/Operations/TigrisDescribeCollectionResponse.md
  - docs/Models/Operations/TigrisDropCollectionRequest.md
  - docs/Models/Operations/TigrisDropCollectionResponse.md
  - docs/Models/Operations/TigrisImportRequest.md
  - docs/Models/Operations/TigrisImportResponse.md
  - docs/Models/Operations/TigrisInsertRequest.md
  - docs/Models/Operations/TigrisInsertResponse.md
  - docs/Models/Operations/TigrisReadRequest.md
  - docs/Models/Operations/TigrisReadResponse.md
  - docs/Models/Operations/TigrisReplaceRequest.md
  - docs/Models/Operations/TigrisReplaceResponse.md
  - docs/Models/Operations/TigrisSearchRequest.md
  - docs/Models/Operations/TigrisSearchResponse.md
  - docs/Models/Operations/TigrisUpdateRequest.md
  - docs/Models/Operations/TigrisUpdateResponse.md
  - docs/Models/Operations/RealtimeGetRTChannelRequest.md
  - docs/Models/Operations/RealtimeGetRTChannelResponse.md
  - docs/Models/Operations/RealtimeReadMessagesRequest.md
  - docs/Models/Operations/RealtimeReadMessagesResponse.md
  - docs/Models/Operations/RealtimeGetRTChannelsRequest.md
  - docs/Models/Operations/RealtimeGetRTChannelsResponse.md
  - docs/Models/Operations/RealtimeListSubscriptionsRequest.md
  - docs/Models/Operations/RealtimeListSubscriptionsResponse.md
  - docs/Models/Operations/RealtimeMessagesRequest.md
  - docs/Models/Operations/RealtimeMessagesResponse.md
  - docs/Models/Operations/RealtimePresenceRequest.md
  - docs/Models/Operations/RealtimePresenceResponse.md
  - docs/Models/Operations/SearchCreateByIdRequest.md
  - docs/Models/Operations/SearchCreateByIdResponse.md
  - docs/Models/Operations/SearchCreateRequest.md
  - docs/Models/Operations/SearchCreateResponse.md
  - docs/Models/Operations/SearchDeleteRequest.md
  - docs/Models/Operations/SearchDeleteResponse.md
  - docs/Models/Operations/SearchDeleteIndexRequest.md
  - docs/Models/Operations/SearchDeleteIndexResponse.md
  - docs/Models/Operations/SearchSearchRequest.md
  - docs/Models/Operations/SearchSearchResponse.md
  - docs/Models/Operations/SearchGetRequest.md
  - docs/Models/Operations/SearchGetResponse.md
  - docs/Models/Operations/SearchGetIndexRequest.md
  - docs/Models/Operations/SearchGetIndexResponse.md
  - docs/Models/Operations/SearchListIndexesRequest.md
  - docs/Models/Operations/SearchListIndexesResponse.md
  - docs/Models/Operations/SearchDeleteByQueryRequest.md
  - docs/Models/Operations/SearchDeleteByQueryResponse.md
  - docs/Models/Operations/SearchCreateOrReplaceRequest.md
  - docs/Models/Operations/SearchCreateOrReplaceResponse.md
  - docs/Models/Operations/SearchUpdateRequest.md
  - docs/Models/Operations/SearchUpdateResponse.md
  - docs/Models/Operations/SearchCreateOrUpdateIndexRequest.md
  - docs/Models/Operations/SearchCreateOrUpdateIndexResponse.md
  - docs/Models/Shared/Status.md
  - docs/Models/Shared/Code.md
  - docs/Models/Shared/Error.md
  - docs/Models/Shared/GetAccessTokenResponse.md
  - docs/Models/Shared/HealthCheckResponse.md
  - docs/Models/Shared/GetInfoResponse.md
  - docs/Models/Shared/QuotaUsageResponse.md
  - docs/Models/Shared/QuotaUsageRequest.md
  - docs/Models/Shared/QuotaLimitsResponse.md
  - docs/Models/Shared/QuotaLimitsRequest.md
  - docs/Models/Shared/QueryTimeSeriesMetricsResponse.md
  - docs/Models/Shared/MetricSeries.md
  - docs/Models/Shared/DataPoint.md
  - docs/Models/Shared/FunctionT.md
  - docs/Models/Shared/SpaceAggregation.md
  - docs/Models/Shared/TigrisOperation.md
  - docs/Models/Shared/QueryTimeSeriesMetricsRequest.md
  - docs/Models/Shared/AdditionalFunction.md
  - docs/Models/Shared/Aggregator.md
  - docs/Models/Shared/RollupFunction.md
  - docs/Models/Shared/CreateNamespaceResponse.md
  - docs/Models/Shared/NamespaceInfo.md
  - docs/Models/Shared/CreateNamespaceRequest.md
  - docs/Models/Shared/DescribeNamespacesResponse.md
  - docs/Models/Shared/DescribeNamespacesData.md
  - docs/Models/Shared/GetNamespaceMetadataResponseValue.md
  - docs/Models/Shared/GetNamespaceMetadataResponse.md
  - docs/Models/Shared/Value.md
  - docs/Models/Shared/GetNamespaceMetadataRequest.md
  - docs/Models/Shared/InsertNamespaceMetadataResponseValue.md
  - docs/Models/Shared/InsertNamespaceMetadataResponse.md
  - docs/Models/Shared/InsertNamespaceMetadataRequestValue.md
  - docs/Models/Shared/InsertNamespaceMetadataRequest.md
  - docs/Models/Shared/ListNamespacesResponse.md
  - docs/Models/Shared/UpdateNamespaceMetadataResponseValue.md
  - docs/Models/Shared/UpdateNamespaceMetadataResponse.md
  - docs/Models/Shared/UpdateNamespaceMetadataRequestValue.md
  - docs/Models/Shared/UpdateNamespaceMetadataRequest.md
  - docs/Models/Shared/GetUserMetadataResponse.md
  - docs/Models/Shared/GetUserMetadataRequestValue.md
  - docs/Models/Shared/GetUserMetadataRequest.md
  - docs/Models/Shared/InsertUserMetadataResponseValue.md
  - docs/Models/Shared/InsertUserMetadataResponse.md
  - docs/Models/Shared/InsertUserMetadataRequestValue.md
  - docs/Models/Shared/InsertUserMetadataRequest.md
  - docs/Models/Shared/UpdateUserMetadataResponseValue.md
  - docs/Models/Shared/UpdateUserMetadataResponse.md
  - docs/Models/Shared/UpdateUserMetadataRequestValue.md
  - docs/Models/Shared/UpdateUserMetadataRequest.md
  - docs/Models/Shared/CreateProjectResponse.md
  - docs/Models/Shared/CreateProjectRequest.md
  - docs/Models/Shared/DeleteProjectResponse.md
  - docs/Models/Shared/DeleteProjectRequest.md
  - docs/Models/Shared/ListProjectsResponse.md
  - docs/Models/Shared/ProjectInfo.md
  - docs/Models/Shared/ProjectMetadata.md
  - docs/Models/Shared/DeleteAppKeyResponse.md
  - docs/Models/Shared/DeleteAppKeyRequest.md
  - docs/Models/Shared/ListAppKeysResponse.md
  - docs/Models/Shared/AppKey.md
  - docs/Models/Shared/RotateAppKeyResponse.md
  - docs/Models/Shared/RotateAppKeyRequest.md
  - docs/Models/Shared/CreateAppKeyResponse.md
  - docs/Models/Shared/CreateAppKeyRequest.md
  - docs/Models/Shared/UpdateAppKeyResponse.md
  - docs/Models/Shared/UpdateAppKeyRequest.md
  - docs/Models/Shared/CreateCacheResponse.md
  - docs/Models/Shared/CreateCacheRequest.md
  - docs/Models/Shared/CreateCacheOptions.md
  - docs/Models/Shared/DeleteCacheResponse.md
  - docs/Models/Shared/DeleteCacheRequest.md
  - docs/Models/Shared/DelResponse.md
  - docs/Models/Shared/DelRequest.md
  - docs/Models/Shared/GetResponse.md
  - docs/Models/Shared/GetSetResponse.md
  - docs/Models/Shared/GetSetRequest.md
  - docs/Models/Shared/ListCachesResponse.md
  - docs/Models/Shared/CacheMetadata.md
  - docs/Models/Shared/KeysResponse.md
  - docs/Models/Shared/SetResponse.md
  - docs/Models/Shared/SetRequest.md
  - docs/Models/Shared/BeginTransactionResponse.md
  - docs/Models/Shared/TransactionCtx.md
  - docs/Models/Shared/BeginTransactionRequest.md
  - docs/Models/Shared/TransactionOptions.md
  - docs/Models/Shared/CommitTransactionResponse.md
  - docs/Models/Shared/CommitTransactionRequest.md
  - docs/Models/Shared/CreateBranchResponse.md
  - docs/Models/Shared/CreateBranchRequest.md
  - docs/Models/Shared/DeleteBranchResponse.md
  - docs/Models/Shared/DeleteBranchRequest.md
  - docs/Models/Shared/DescribeDatabaseResponse.md
  - docs/Models/Shared/DatabaseMetadata.md
  - docs/Models/Shared/Schema.md
  - docs/Models/Shared/CollectionDescription.md
  - docs/Models/Shared/CollectionMetadata.md
  - docs/Models/Shared/DescribeDatabaseRequest.md
  - docs/Models/Shared/ListCollectionsResponse.md
  - docs/Models/Shared/CollectionInfo.md
  - docs/Models/Shared/RollbackTransactionResponse.md
  - docs/Models/Shared/RollbackTransactionRequest.md
  - docs/Models/Shared/ListBranchesResponse.md
  - docs/Models/Shared/BranchInfo.md
  - docs/Models/Shared/BranchMetadata.md
  - docs/Models/Shared/CreateOrUpdateCollectionResponse.md
  - docs/Models/Shared/CreateOrUpdateCollectionRequestSchema.md
  - docs/Models/Shared/CreateOrUpdateCollectionRequest.md
  - docs/Models/Shared/CollectionOptions.md
  - docs/Models/Shared/DeleteResponse.md
  - docs/Models/Shared/ResponseMetadata.md
  - docs/Models/Shared/Filter.md
  - docs/Models/Shared/DeleteRequest.md
  - docs/Models/Shared/DeleteRequestOptions.md
  - docs/Models/Shared/WriteOptions.md
  - docs/Models/Shared/Collation.md
  - docs/Models/Shared/DescribeCollectionResponseSchema.md
  - docs/Models/Shared/DescribeCollectionResponse.md
  - docs/Models/Shared/DescribeCollectionRequest.md
  - docs/Models/Shared/DropCollectionResponse.md
  - docs/Models/Shared/DropCollectionRequest.md
  - docs/Models/Shared/ImportResponse.md
  - docs/Models/Shared/Documents.md
  - docs/Models/Shared/ImportRequest.md
  - docs/Models/Shared/ImportRequestOptions.md
  - docs/Models/Shared/InsertResponse.md
  - docs/Models/Shared/InsertRequestDocuments.md
  - docs/Models/Shared/InsertRequest.md
  - docs/Models/Shared/InsertRequestOptions.md
  - docs/Models/Shared/StreamingReadResponse.md
  - docs/Models/Shared/Data.md
  - docs/Models/Shared/ReadResponse.md
  - docs/Models/Shared/Fields.md
  - docs/Models/Shared/ReadRequestFilter.md
  - docs/Models/Shared/ReadRequest.md
  - docs/Models/Shared/ReadRequestOptions.md
  - docs/Models/Shared/ReplaceResponse.md
  - docs/Models/Shared/ReplaceRequestDocuments.md
  - docs/Models/Shared/ReplaceRequest.md
  - docs/Models/Shared/ReplaceRequestOptions.md
  - docs/Models/Shared/StreamingSearchResponse.md
  - docs/Models/Shared/SearchResponse.md
  - docs/Models/Shared/SearchMetadata.md
  - docs/Models/Shared/Page.md
  - docs/Models/Shared/SearchHitData.md
  - docs/Models/Shared/SearchHit.md
  - docs/Models/Shared/SearchHitMeta.md
  - docs/Models/Shared/SearchFacet.md
  - docs/Models/Shared/FacetStats.md
  - docs/Models/Shared/FacetCount.md
  - docs/Models/Shared/Facet.md
  - docs/Models/Shared/SearchRequestFields.md
  - docs/Models/Shared/SearchRequestFilter.md
  - docs/Models/Shared/Sort.md
  - docs/Models/Shared/SearchRequest.md
  - docs/Models/Shared/UpdateResponse.md
  - docs/Models/Shared/UpdateRequestFields.md
  - docs/Models/Shared/UpdateRequestFilter.md
  - docs/Models/Shared/UpdateRequest.md
  - docs/Models/Shared/UpdateRequestOptions.md
  - docs/Models/Shared/GetRTChannelResponse.md
  - docs/Models/Shared/ReadMessagesResponse.md
  - docs/Models/Shared/Message.md
  - docs/Models/Shared/GetRTChannelsResponse.md
  - docs/Models/Shared/ChannelMetadata.md
  - docs/Models/Shared/ListSubscriptionResponse.md
  - docs/Models/Shared/MessagesResponse.md
  - docs/Models/Shared/MessagesRequest.md
  - docs/Models/Shared/PresenceResponse.md
  - docs/Models/Shared/CreateByIdResponse.md
  - docs/Models/Shared/CreateByIdRequest.md
  - docs/Models/Shared/CreateDocumentResponse.md
  - docs/Models/Shared/DocStatus.md
  - docs/Models/Shared/CreateDocumentRequest.md
  - docs/Models/Shared/DeleteDocumentResponse.md
  - docs/Models/Shared/DeleteDocumentRequest.md
  - docs/Models/Shared/DeleteIndexResponse.md
  - docs/Models/Shared/DeleteIndexRequest.md
  - docs/Models/Shared/SearchIndexResponse.md
  - docs/Models/Shared/IndexDoc.md
  - docs/Models/Shared/DocMeta.md
  - docs/Models/Shared/SearchIndexRequest.md
  - docs/Models/Shared/GetDocumentResponse.md
  - docs/Models/Shared/GetIndexResponse.md
  - docs/Models/Shared/IndexInfo.md
  - docs/Models/Shared/ListIndexesResponse.md
  - docs/Models/Shared/DeleteByQueryResponse.md
  - docs/Models/Shared/DeleteByQueryRequest.md
  - docs/Models/Shared/CreateOrReplaceDocumentResponse.md
  - docs/Models/Shared/CreateOrReplaceDocumentRequest.md
  - docs/Models/Shared/UpdateDocumentResponse.md
  - docs/Models/Shared/UpdateDocumentRequest.md
  - docs/Models/Shared/CreateOrUpdateIndexResponse.md
  - docs/Models/Shared/CreateOrUpdateIndexRequest.md
  - docs/Models/Shared/Security.md
  - docs/sdks/sdk/README.md
  - docs/sdks/auth/README.md
  - docs/sdks/system/README.md
  - docs/sdks/namespace/README.md
  - docs/sdks/user/README.md
  - docs/sdks/project/README.md
  - docs/sdks/appkey/README.md
  - docs/sdks/cache/README.md
  - docs/sdks/database/README.md
  - docs/sdks/collection/README.md
  - docs/sdks/channel/README.md
  - docs/sdks/search/README.md
  - USAGE.md
  - .gitattributes
